{
  "lockfileVersion": 1,
  "configVersion": 1,
  "workspaces": {
    "": {
      "dependencies": {
        "ohm-js": "^17.5.0",
      },
    },
  },
  "packages": {
    "ohm-js": ["ohm-js@17.5.0", "", {}, "sha512-l4Sa7026+6jsvYbt0PXKmL+f+ML32fD++IznLgxDhx2t9Cx6NC7zwRqblCujPHGGmkQerHoeBzRutdxaw/S72g=="],
  }
}
